
Microsoft Visual Studio Solution File, Format Version 12.00
# Visual Studio Version 17
VisualStudioVersion = 17.3.32929.385
MinimumVisualStudioVersion = 10.0.40219.1
Project("{888888A0-9F3D-457C-B088-3A5042F75D52}") = "App_batches", "App_batches\App_batches.pyproj", "{5C4E8D21-8DB0-47AC-959D-2FE04CBAEBEC}"
EndProject
Global
	GlobalSection(SolutionConfigurationPlatforms) = preSolution
		Debug|Any CPU = Debug|Any CPU
		Release|Any CPU = Release|Any CPU
	EndGlobalSection
	GlobalSection(ProjectConfigurationPlatforms) = postSolution
		{5C4E8D21-8DB0-47AC-959D-2FE04CBAEBEC}.Debug|Any CPU.ActiveCfg = Debug|Any CPU
		{5C4E8D21-8DB0-47AC-959D-2FE04CBAEBEC}.Release|Any CPU.ActiveCfg = Release|Any CPU
	EndGlobalSection
	GlobalSection(SolutionProperties) = preSolution
		HideSolutionNode = FALSE
	EndGlobalSection
	GlobalSection(ExtensibilityGlobals) = postSolution
		SolutionGuid = {35F8D543-F386-4311-831F-6F8EA4A59DC9}
	EndGlobalSection
EndGlobal
